// !$*UTF8*$!
{
	archiveVersion = 1;
	classes = {
	};
	objectVersion = 46;
	objects = {

/* Begin PBXBuildFile section */
		0EAFCD0CF5B02E27916A4CBB /* Avistamiento.swift in Sources */ = {isa = PBXBuildFile; fileRef = D36484B3CB0AE555537C5D76 /* Avistamiento.swift */; };
		119396EA537BEEE6AEB1D583 /* ViewModifiers.swift in Sources */ = {isa = PBXBuildFile; fileRef = E94463D77959C79C0C4DF383 /* ViewModifiers.swift */; };
		24F30805496BEE96A7A15DB0 /* SeccionViews.swift in Sources */ = {isa = PBXBuildFile; fileRef = 77545DE373AA8DDA6FD7C55B /* SeccionViews.swift */; };
		31078EEFCB6B3C6B0342F09A /* PanelFiltrosView.swift in Sources */ = {isa = PBXBuildFile; fileRef = FAD77D35E5AA2F7C833BFA0C /* PanelFiltrosView.swift */; };
		440470B1AD66B5D3FB7CADEB /* zonas.json in Resources */ = {isa = PBXBuildFile; fileRef = F5065F40E8270E9AC2F2AFA5 /* zonas.json */; };
		467D5314FB442EFF7BC965AA /* Catalogo.swift in Sources */ = {isa = PBXBuildFile; fileRef = 5B87E9261EC815A1FBB9FFD9 /* Catalogo.swift */; };
		46A4A392A4B3870FF85A4E52 /* Zona.swift in Sources */ = {isa = PBXBuildFile; fileRef = 74DE217229D69BB06013574A /* Zona.swift */; };
		4EB5867B6BCEC496AA3DD14C /* Assets.xcassets in Resources */ = {isa = PBXBuildFile; fileRef = B0B8DBA8B1479788632C97B3 /* Assets.xcassets */; };
		5D1315464C434509494E239D /* MapaCubaView.swift in Sources */ = {isa = PBXBuildFile; fileRef = F269E2FAE43E8F889E577D37 /* MapaCubaView.swift */; };
		5D641988AF09A0B086C7BA0B /* Especie.swift in Sources */ = {isa = PBXBuildFile; fileRef = F1FD7C7F4637C6140E9597F4 /* Especie.swift */; };
		70869D5969CE3144E22B77D2 /* HojaAvistamientoView.swift in Sources */ = {isa = PBXBuildFile; fileRef = 06EB93857904F80C84E4E45A /* HojaAvistamientoView.swift */; };
		73AAE2DE87BD172D649FE142 /* Foundation.framework in Frameworks */ = {isa = PBXBuildFile; fileRef = 960831C5370D7778573B56EA /* Foundation.framework */; };
		7402612AE18BD6D3889E8A79 /* especies.json in Resources */ = {isa = PBXBuildFile; fileRef = D111BBE4DE6D58C45C87EB98 /* especies.json */; };
		8D6E8684A57520FBC7E5B219 /* Paleta.swift in Sources */ = {isa = PBXBuildFile; fileRef = 99181A37D762579B649B82BF /* Paleta.swift */; };
		A1126A711F6E2FB7AE8BD837 /* NotasView.swift in Sources */ = {isa = PBXBuildFile; fileRef = 21C4F0CFFB61D53E35CABDEB /* NotasView.swift */; };
		A13E09AE192B9B166E9230EC /* RanuraFotoView.swift in Sources */ = {isa = PBXBuildFile; fileRef = E83E1E3EAD2A9F4BF8645617 /* RanuraFotoView.swift */; };
		A2E864A062AAC223019BE2CD /* CatalogoView.swift in Sources */ = {isa = PBXBuildFile; fileRef = FF5846234809C68A107082E1 /* CatalogoView.swift */; };
		A57A888A4FFADCBAB7FEABC1 /* CameraPicker.swift in Sources */ = {isa = PBXBuildFile; fileRef = 50EFAFC8BD0EF4AB56377F55 /* CameraPicker.swift */; };
		AE5740DAEE3ECE4A33C10B61 /* FichaView.swift in Sources */ = {isa = PBXBuildFile; fileRef = BB5CB328BAAFEB4F8A92C625 /* FichaView.swift */; };
		B12C37F8A66B6A94F652BD04 /* Ubicacion.swift in Sources */ = {isa = PBXBuildFile; fileRef = 237322214B27EC22C9DBD649 /* Ubicacion.swift */; };
		BF5F7B00DFE79AB2C8E7CD99 /* MariposasDeCubaApp.swift in Sources */ = {isa = PBXBuildFile; fileRef = 54A46718B0F592710BA824E2 /* MariposasDeCubaApp.swift */; };
		C8D08C3C23F8A7E35FAC54C1 /* EspeciesViewModel.swift in Sources */ = {isa = PBXBuildFile; fileRef = F27BAE85201C383E92223EC1 /* EspeciesViewModel.swift */; };
		DBE73C111D19CAACAA03B10D /* VisorView.swift in Sources */ = {isa = PBXBuildFile; fileRef = B7F7DE0B9EF7553D792FA1A6 /* VisorView.swift */; };
		DFA9CB707E9A262617BBB925 /* Almacen.swift in Sources */ = {isa = PBXBuildFile; fileRef = 619235A1662DBDFB88C7F911 /* Almacen.swift */; };
		E009B8D97D610790491ECAF8 /* Lamina.swift in Sources */ = {isa = PBXBuildFile; fileRef = E89C7021781B2E8F09AFD574 /* Lamina.swift */; };
		F342F672868A8802CE073522 /* GaleriaView.swift in Sources */ = {isa = PBXBuildFile; fileRef = 94BFD628C342377624F6D6ED /* GaleriaView.swift */; };
		F643D9D26027F7CC9B2B4621 /* TarjetaEspecieView.swift in Sources */ = {isa = PBXBuildFile; fileRef = 102FBE61D4EFEB11C606E08A /* TarjetaEspecieView.swift */; };
/* End PBXBuildFile section */

/* Begin PBXFileReference section */
		06EB93857904F80C84E4E45A /* HojaAvistamientoView.swift */ = {isa = PBXFileReference; includeInIndex = 1; lastKnownFileType = sourcecode.swift; path = HojaAvistamientoView.swift; sourceTree = "<group>"; };
		102FBE61D4EFEB11C606E08A /* TarjetaEspecieView.swift */ = {isa = PBXFileReference; includeInIndex = 1; lastKnownFileType = sourcecode.swift; path = TarjetaEspecieView.swift; sourceTree = "<group>"; };
		21C4F0CFFB61D53E35CABDEB /* NotasView.swift */ = {isa = PBXFileReference; includeInIndex = 1; lastKnownFileType = sourcecode.swift; path = NotasView.swift; sourceTree = "<group>"; };
		237322214B27EC22C9DBD649 /* Ubicacion.swift */ = {isa = PBXFileReference; includeInIndex = 1; lastKnownFileType = sourcecode.swift; path = Ubicacion.swift; sourceTree = "<group>"; };
		50EFAFC8BD0EF4AB56377F55 /* CameraPicker.swift */ = {isa = PBXFileReference; includeInIndex = 1; lastKnownFileType = sourcecode.swift; path = CameraPicker.swift; sourceTree = "<group>"; };
		54A46718B0F592710BA824E2 /* MariposasDeCubaApp.swift */ = {isa = PBXFileReference; includeInIndex = 1; lastKnownFileType = sourcecode.swift; path = MariposasDeCubaApp.swift; sourceTree = "<group>"; };
		5B87E9261EC815A1FBB9FFD9 /* Catalogo.swift */ = {isa = PBXFileReference; includeInIndex = 1; lastKnownFileType = sourcecode.swift; path = Catalogo.swift; sourceTree = "<group>"; };
		619235A1662DBDFB88C7F911 /* Almacen.swift */ = {isa = PBXFileReference; includeInIndex = 1; lastKnownFileType = sourcecode.swift; path = Almacen.swift; sourceTree = "<group>"; };
		74DE217229D69BB06013574A /* Zona.swift */ = {isa = PBXFileReference; includeInIndex = 1; lastKnownFileType = sourcecode.swift; path = Zona.swift; sourceTree = "<group>"; };
		77545DE373AA8DDA6FD7C55B /* SeccionViews.swift */ = {isa = PBXFileReference; includeInIndex = 1; lastKnownFileType = sourcecode.swift; path = SeccionViews.swift; sourceTree = "<group>"; };
		929D69CA6E53F840BD3D89F6 /* MariposasDeCuba.app */ = {isa = PBXFileReference; explicitFileType = wrapper.application; includeInIndex = 0; path = MariposasDeCuba.app; sourceTree = BUILT_PRODUCTS_DIR; };
		94BFD628C342377624F6D6ED /* GaleriaView.swift */ = {isa = PBXFileReference; includeInIndex = 1; lastKnownFileType = sourcecode.swift; path = GaleriaView.swift; sourceTree = "<group>"; };
		960831C5370D7778573B56EA /* Foundation.framework */ = {isa = PBXFileReference; lastKnownFileType = wrapper.framework; name = Foundation.framework; path = Platforms/iPhoneOS.platform/Developer/SDKs/iPhoneOS26.0.sdk/System/Library/Frameworks/Foundation.framework; sourceTree = DEVELOPER_DIR; };
		99181A37D762579B649B82BF /* Paleta.swift */ = {isa = PBXFileReference; includeInIndex = 1; lastKnownFileType = sourcecode.swift; path = Paleta.swift; sourceTree = "<group>"; };
		B0B8DBA8B1479788632C97B3 /* Assets.xcassets */ = {isa = PBXFileReference; includeInIndex = 1; lastKnownFileType = folder.assetcatalog; path = Assets.xcassets; sourceTree = "<group>"; };
		B7F7DE0B9EF7553D792FA1A6 /* VisorView.swift */ = {isa = PBXFileReference; includeInIndex = 1; lastKnownFileType = sourcecode.swift; path = VisorView.swift; sourceTree = "<group>"; };
		BB5CB328BAAFEB4F8A92C625 /* FichaView.swift */ = {isa = PBXFileReference; includeInIndex = 1; lastKnownFileType = sourcecode.swift; path = FichaView.swift; sourceTree = "<group>"; };
		D111BBE4DE6D58C45C87EB98 /* especies.json */ = {isa = PBXFileReference; includeInIndex = 1; path = especies.json; sourceTree = "<group>"; };
		D36484B3CB0AE555537C5D76 /* Avistamiento.swift */ = {isa = PBXFileReference; includeInIndex = 1; lastKnownFileType = sourcecode.swift; path = Avistamiento.swift; sourceTree = "<group>"; };
		E83E1E3EAD2A9F4BF8645617 /* RanuraFotoView.swift */ = {isa = PBXFileReference; includeInIndex = 1; lastKnownFileType = sourcecode.swift; path = RanuraFotoView.swift; sourceTree = "<group>"; };
		E89C7021781B2E8F09AFD574 /* Lamina.swift */ = {isa = PBXFileReference; includeInIndex = 1; lastKnownFileType = sourcecode.swift; path = Lamina.swift; sourceTree = "<group>"; };
		E94463D77959C79C0C4DF383 /* ViewModifiers.swift */ = {isa = PBXFileReference; includeInIndex = 1; lastKnownFileType = sourcecode.swift; path = ViewModifiers.swift; sourceTree = "<group>"; };
		F1FD7C7F4637C6140E9597F4 /* Especie.swift */ = {isa = PBXFileReference; includeInIndex = 1; lastKnownFileType = sourcecode.swift; path = Especie.swift; sourceTree = "<group>"; };
		F269E2FAE43E8F889E577D37 /* MapaCubaView.swift */ = {isa = PBXFileReference; includeInIndex = 1; lastKnownFileType = sourcecode.swift; path = MapaCubaView.swift; sourceTree = "<group>"; };
		F27BAE85201C383E92223EC1 /* EspeciesViewModel.swift */ = {isa = PBXFileReference; includeInIndex = 1; lastKnownFileType = sourcecode.swift; path = EspeciesViewModel.swift; sourceTree = "<group>"; };
		F5065F40E8270E9AC2F2AFA5 /* zonas.json */ = {isa = PBXFileReference; includeInIndex = 1; path = zonas.json; sourceTree = "<group>"; };
		FAD77D35E5AA2F7C833BFA0C /* PanelFiltrosView.swift */ = {isa = PBXFileReference; includeInIndex = 1; lastKnownFileType = sourcecode.swift; path = PanelFiltrosView.swift; sourceTree = "<group>"; };
		FF5846234809C68A107082E1 /* CatalogoView.swift */ = {isa = PBXFileReference; includeInIndex = 1; lastKnownFileType = sourcecode.swift; path = CatalogoView.swift; sourceTree = "<group>"; };
/* End PBXFileReference section */

/* Begin PBXFrameworksBuildPhase section */
		B76DF5E9E54D8839358529B4 /* Frameworks */ = {
			isa = PBXFrameworksBuildPhase;
			buildActionMask = 2147483647;
			files = (
				73AAE2DE87BD172D649FE142 /* Foundation.framework in Frameworks */,
			);
			runOnlyForDeploymentPostprocessing = 0;
		};
/* End PBXFrameworksBuildPhase section */

/* Begin PBXGroup section */
		0236E3F86272021BDB7216E5 /* App */ = {
			isa = PBXGroup;
			children = (
				54A46718B0F592710BA824E2 /* MariposasDeCubaApp.swift */,
			);
			name = App;
			path = App;
			sourceTree = "<group>";
		};
		0D50D1C7987FA059FEF20C06 /* Catalogo */ = {
			isa = PBXGroup;
			children = (
				FF5846234809C68A107082E1 /* CatalogoView.swift */,
				E89C7021781B2E8F09AFD574 /* Lamina.swift */,
				FAD77D35E5AA2F7C833BFA0C /* PanelFiltrosView.swift */,
				102FBE61D4EFEB11C606E08A /* TarjetaEspecieView.swift */,
			);
			name = Catalogo;
			path = Catalogo;
			sourceTree = "<group>";
		};
		1CD2FC4324C2B1F0E3240A52 /* MariposasDeCuba */ = {
			isa = PBXGroup;
			children = (
				0236E3F86272021BDB7216E5 /* App */,
				6BC21A2D4131AF55698CDC85 /* Design */,
				DDF2F8032FFFCCAB344B279B /* Models */,
				F6187B42C605B5CE2E3F02EB /* Resources */,
				D286937CB5DD815A22A5C112 /* Store */,
				A1C17E902724502894FF8995 /* Views */,
				A3D85EBDBBE2B4EA2705623E /* Resources */,
				B0B8DBA8B1479788632C97B3 /* Assets.xcassets */,
			);
			name = MariposasDeCuba;
			path = MariposasDeCuba;
			sourceTree = "<group>";
		};
		6BC21A2D4131AF55698CDC85 /* Design */ = {
			isa = PBXGroup;
			children = (
				99181A37D762579B649B82BF /* Paleta.swift */,
				E94463D77959C79C0C4DF383 /* ViewModifiers.swift */,
			);
			name = Design;
			path = Design;
			sourceTree = "<group>";
		};
		9239981507A5189CFC3333C5 /* Frameworks */ = {
			isa = PBXGroup;
			children = (
				B8A76EEEEAA480AE660E8973 /* iOS */,
			);
			name = Frameworks;
			sourceTree = "<group>";
		};
		9B748B236399A98061DB24C1 = {
			isa = PBXGroup;
			children = (
				BC64F2E0BF96891EE99E2780 /* Products */,
				9239981507A5189CFC3333C5 /* Frameworks */,
				1CD2FC4324C2B1F0E3240A52 /* MariposasDeCuba */,
			);
			sourceTree = "<group>";
		};
		A1C17E902724502894FF8995 /* Views */ = {
			isa = PBXGroup;
			children = (
				0D50D1C7987FA059FEF20C06 /* Catalogo */,
				D1EF386B21B227420C30657A /* Ficha */,
			);
			name = Views;
			path = Views;
			sourceTree = "<group>";
		};
		A3D85EBDBBE2B4EA2705623E /* Resources */ = {
			isa = PBXGroup;
			children = (
				D111BBE4DE6D58C45C87EB98 /* especies.json */,
				F5065F40E8270E9AC2F2AFA5 /* zonas.json */,
			);
			name = Resources;
			path = Resources;
			sourceTree = "<group>";
		};
		B8A76EEEEAA480AE660E8973 /* iOS */ = {
			isa = PBXGroup;
			children = (
				960831C5370D7778573B56EA /* Foundation.framework */,
			);
			name = iOS;
			sourceTree = "<group>";
		};
		BC64F2E0BF96891EE99E2780 /* Products */ = {
			isa = PBXGroup;
			children = (
				929D69CA6E53F840BD3D89F6 /* MariposasDeCuba.app */,
			);
			name = Products;
			sourceTree = "<group>";
		};
		D1EF386B21B227420C30657A /* Ficha */ = {
			isa = PBXGroup;
			children = (
				50EFAFC8BD0EF4AB56377F55 /* CameraPicker.swift */,
				BB5CB328BAAFEB4F8A92C625 /* FichaView.swift */,
				94BFD628C342377624F6D6ED /* GaleriaView.swift */,
				06EB93857904F80C84E4E45A /* HojaAvistamientoView.swift */,
				F269E2FAE43E8F889E577D37 /* MapaCubaView.swift */,
				21C4F0CFFB61D53E35CABDEB /* NotasView.swift */,
				E83E1E3EAD2A9F4BF8645617 /* RanuraFotoView.swift */,
				77545DE373AA8DDA6FD7C55B /* SeccionViews.swift */,
				B7F7DE0B9EF7553D792FA1A6 /* VisorView.swift */,
			);
			name = Ficha;
			path = Ficha;
			sourceTree = "<group>";
		};
		D286937CB5DD815A22A5C112 /* Store */ = {
			isa = PBXGroup;
			children = (
				619235A1662DBDFB88C7F911 /* Almacen.swift */,
				F27BAE85201C383E92223EC1 /* EspeciesViewModel.swift */,
				237322214B27EC22C9DBD649 /* Ubicacion.swift */,
			);
			name = Store;
			path = Store;
			sourceTree = "<group>";
		};
		DDF2F8032FFFCCAB344B279B /* Models */ = {
			isa = PBXGroup;
			children = (
				D36484B3CB0AE555537C5D76 /* Avistamiento.swift */,
				5B87E9261EC815A1FBB9FFD9 /* Catalogo.swift */,
				F1FD7C7F4637C6140E9597F4 /* Especie.swift */,
				74DE217229D69BB06013574A /* Zona.swift */,
			);
			name = Models;
			path = Models;
			sourceTree = "<group>";
		};
		F6187B42C605B5CE2E3F02EB /* Resources */ = {
			isa = PBXGroup;
			children = (
			);
			name = Resources;
			path = Resources;
			sourceTree = "<group>";
		};
/* End PBXGroup section */

/* Begin PBXNativeTarget section */
		74CE72F67028E732940F0905 /* MariposasDeCuba */ = {
			isa = PBXNativeTarget;
			buildConfigurationList = 7FC31F91427695C363FBFDB8 /* Build configuration list for PBXNativeTarget "MariposasDeCuba" */;
			buildPhases = (
				D17F7DB3B75B121CCC54495B /* Sources */,
				B76DF5E9E54D8839358529B4 /* Frameworks */,
				9EC0DC7138C312C9E3F984EC /* Resources */,
			);
			buildRules = (
			);
			dependencies = (
			);
			name = MariposasDeCuba;
			productName = MariposasDeCuba;
			productReference = 929D69CA6E53F840BD3D89F6 /* MariposasDeCuba.app */;
			productType = "com.apple.product-type.application";
		};
/* End PBXNativeTarget section */

/* Begin PBXProject section */
		B594ACF6B7A11E96966769BE /* Project object */ = {
			isa = PBXProject;
			attributes = {
				LastSwiftUpdateCheck = 1600;
				LastUpgradeCheck = 1600;
			};
			buildConfigurationList = 5984466351DB7A5129CC5A69 /* Build configuration list for PBXProject "MariposasDeCuba" */;
			compatibilityVersion = "Xcode 3.2";
			developmentRegion = en;
			hasScannedForEncodings = 0;
			knownRegions = (
				en,
				Base,
			);
			mainGroup = 9B748B236399A98061DB24C1;
			minimizedProjectReferenceProxies = 0;
			preferredProjectObjectVersion = 100;
			productRefGroup = BC64F2E0BF96891EE99E2780 /* Products */;
			projectDirPath = "";
			projectRoot = "";
			targets = (
				74CE72F67028E732940F0905 /* MariposasDeCuba */,
			);
		};
/* End PBXProject section */

/* Begin PBXResourcesBuildPhase section */
		9EC0DC7138C312C9E3F984EC /* Resources */ = {
			isa = PBXResourcesBuildPhase;
			buildActionMask = 2147483647;
			files = (
				7402612AE18BD6D3889E8A79 /* especies.json in Resources */,
				440470B1AD66B5D3FB7CADEB /* zonas.json in Resources */,
				4EB5867B6BCEC496AA3DD14C /* Assets.xcassets in Resources */,
			);
			runOnlyForDeploymentPostprocessing = 0;
		};
/* End PBXResourcesBuildPhase section */

/* Begin PBXSourcesBuildPhase section */
		D17F7DB3B75B121CCC54495B /* Sources */ = {
			isa = PBXSourcesBuildPhase;
			buildActionMask = 2147483647;
			files = (
				BF5F7B00DFE79AB2C8E7CD99 /* MariposasDeCubaApp.swift in Sources */,
				8D6E8684A57520FBC7E5B219 /* Paleta.swift in Sources */,
				119396EA537BEEE6AEB1D583 /* ViewModifiers.swift in Sources */,
				0EAFCD0CF5B02E27916A4CBB /* Avistamiento.swift in Sources */,
				467D5314FB442EFF7BC965AA /* Catalogo.swift in Sources */,
				5D641988AF09A0B086C7BA0B /* Especie.swift in Sources */,
				46A4A392A4B3870FF85A4E52 /* Zona.swift in Sources */,
				DFA9CB707E9A262617BBB925 /* Almacen.swift in Sources */,
				C8D08C3C23F8A7E35FAC54C1 /* EspeciesViewModel.swift in Sources */,
				B12C37F8A66B6A94F652BD04 /* Ubicacion.swift in Sources */,
				A2E864A062AAC223019BE2CD /* CatalogoView.swift in Sources */,
				E009B8D97D610790491ECAF8 /* Lamina.swift in Sources */,
				31078EEFCB6B3C6B0342F09A /* PanelFiltrosView.swift in Sources */,
				F643D9D26027F7CC9B2B4621 /* TarjetaEspecieView.swift in Sources */,
				A57A888A4FFADCBAB7FEABC1 /* CameraPicker.swift in Sources */,
				AE5740DAEE3ECE4A33C10B61 /* FichaView.swift in Sources */,
				F342F672868A8802CE073522 /* GaleriaView.swift in Sources */,
				70869D5969CE3144E22B77D2 /* HojaAvistamientoView.swift in Sources */,
				5D1315464C434509494E239D /* MapaCubaView.swift in Sources */,
				A1126A711F6E2FB7AE8BD837 /* NotasView.swift in Sources */,
				A13E09AE192B9B166E9230EC /* RanuraFotoView.swift in Sources */,
				24F30805496BEE96A7A15DB0 /* SeccionViews.swift in Sources */,
				DBE73C111D19CAACAA03B10D /* VisorView.swift in Sources */,
			);
			runOnlyForDeploymentPostprocessing = 0;
		};
/* End PBXSourcesBuildPhase section */

/* Begin XCBuildConfiguration section */
		57CDC3C4DBD3D65C74BF0C48 /* Debug */ = {
			isa = XCBuildConfiguration;
			buildSettings = {
				ALWAYS_SEARCH_USER_PATHS = NO;
				CLANG_ANALYZER_NONNULL = YES;
				CLANG_ANALYZER_NUMBER_OBJECT_CONVERSION = YES_AGGRESSIVE;
				CLANG_CXX_LANGUAGE_STANDARD = "gnu++14";
				CLANG_CXX_LIBRARY = "libc++";
				CLANG_ENABLE_MODULES = YES;
				CLANG_ENABLE_OBJC_ARC = YES;
				CLANG_ENABLE_OBJC_WEAK = YES;
				CLANG_WARN_BLOCK_CAPTURE_AUTORELEASING = YES;
				CLANG_WARN_BOOL_CONVERSION = YES;
				CLANG_WARN_COMMA = YES;
				CLANG_WARN_CONSTANT_CONVERSION = YES;
				CLANG_WARN_DEPRECATED_OBJC_IMPLEMENTATIONS = YES;
				CLANG_WARN_DIRECT_OBJC_ISA_USAGE = YES_ERROR;
				CLANG_WARN_DOCUMENTATION_COMMENTS = YES;
				CLANG_WARN_EMPTY_BODY = YES;
				CLANG_WARN_ENUM_CONVERSION = YES;
				CLANG_WARN_INFINITE_RECURSION = YES;
				CLANG_WARN_INT_CONVERSION = YES;
				CLANG_WARN_NON_LITERAL_NULL_CONVERSION = YES;
				CLANG_WARN_OBJC_IMPLICIT_RETAIN_SELF = YES;
				CLANG_WARN_OBJC_LITERAL_CONVERSION = YES;
				CLANG_WARN_OBJC_ROOT_CLASS = YES_ERROR;
				CLANG_WARN_QUOTED_INCLUDE_IN_FRAMEWORK_HEADER = YES;
				CLANG_WARN_RANGE_LOOP_ANALYSIS = YES;
				CLANG_WARN_STRICT_PROTOTYPES = YES;
				CLANG_WARN_SUSPICIOUS_MOVE = YES;
				CLANG_WARN_UNGUARDED_AVAILABILITY = YES_AGGRESSIVE;
				CLANG_WARN_UNREACHABLE_CODE = YES;
				CLANG_WARN__DUPLICATE_METHOD_MATCH = YES;
				COPY_PHASE_STRIP = NO;
				DEBUG_INFORMATION_FORMAT = dwarf;
				ENABLE_STRICT_OBJC_MSGSEND = YES;
				ENABLE_TESTABILITY = YES;
				GCC_C_LANGUAGE_STANDARD = gnu11;
				GCC_DYNAMIC_NO_PIC = NO;
				GCC_NO_COMMON_BLOCKS = YES;
				GCC_OPTIMIZATION_LEVEL = 0;
				GCC_PREPROCESSOR_DEFINITIONS = (
					"DEBUG=1",
					"$(inherited)",
				);
				GCC_WARN_64_TO_32_BIT_CONVERSION = YES;
				GCC_WARN_ABOUT_RETURN_TYPE = YES_ERROR;
				GCC_WARN_UNDECLARED_SELECTOR = YES;
				GCC_WARN_UNINITIALIZED_AUTOS = YES_AGGRESSIVE;
				GCC_WARN_UNUSED_FUNCTION = YES;
				GCC_WARN_UNUSED_VARIABLE = YES;
				MTL_ENABLE_DEBUG_INFO = INCLUDE_SOURCE;
				MTL_FAST_MATH = YES;
				ONLY_ACTIVE_ARCH = YES;
				PRODUCT_NAME = "$(TARGET_NAME)";
				SWIFT_ACTIVE_COMPILATION_CONDITIONS = DEBUG;
				SWIFT_OPTIMIZATION_LEVEL = "-Onone";
				SWIFT_VERSION = 5.0;
			};
			name = Debug;
		};
		68031B44D4DA1E1338AEEFDB /* Release */ = {
			isa = XCBuildConfiguration;
			buildSettings = {
				ALWAYS_SEARCH_USER_PATHS = NO;
				CLANG_ANALYZER_NONNULL = YES;
				CLANG_ANALYZER_NUMBER_OBJECT_CONVERSION = YES_AGGRESSIVE;
				CLANG_CXX_LANGUAGE_STANDARD = "gnu++14";
				CLANG_CXX_LIBRARY = "libc++";
				CLANG_ENABLE_MODULES = YES;
				CLANG_ENABLE_OBJC_ARC = YES;
				CLANG_ENABLE_OBJC_WEAK = YES;
				CLANG_WARN_BLOCK_CAPTURE_AUTORELEASING = YES;
				CLANG_WARN_BOOL_CONVERSION = YES;
				CLANG_WARN_COMMA = YES;
				CLANG_WARN_CONSTANT_CONVERSION = YES;
				CLANG_WARN_DEPRECATED_OBJC_IMPLEMENTATIONS = YES;
				CLANG_WARN_DIRECT_OBJC_ISA_USAGE = YES_ERROR;
				CLANG_WARN_DOCUMENTATION_COMMENTS = YES;
				CLANG_WARN_EMPTY_BODY = YES;
				CLANG_WARN_ENUM_CONVERSION = YES;
				CLANG_WARN_INFINITE_RECURSION = YES;
				CLANG_WARN_INT_CONVERSION = YES;
				CLANG_WARN_NON_LITERAL_NULL_CONVERSION = YES;
				CLANG_WARN_OBJC_IMPLICIT_RETAIN_SELF = YES;
				CLANG_WARN_OBJC_LITERAL_CONVERSION = YES;
				CLANG_WARN_OBJC_ROOT_CLASS = YES_ERROR;
				CLANG_WARN_QUOTED_INCLUDE_IN_FRAMEWORK_HEADER = YES;
				CLANG_WARN_RANGE_LOOP_ANALYSIS = YES;
				CLANG_WARN_STRICT_PROTOTYPES = YES;
				CLANG_WARN_SUSPICIOUS_MOVE = YES;
				CLANG_WARN_UNGUARDED_AVAILABILITY = YES_AGGRESSIVE;
				CLANG_WARN_UNREACHABLE_CODE = YES;
				CLANG_WARN__DUPLICATE_METHOD_MATCH = YES;
				COPY_PHASE_STRIP = NO;
				DEBUG_INFORMATION_FORMAT = "dwarf-with-dsym";
				ENABLE_NS_ASSERTIONS = NO;
				ENABLE_STRICT_OBJC_MSGSEND = YES;
				GCC_C_LANGUAGE_STANDARD = gnu11;
				GCC_NO_COMMON_BLOCKS = YES;
				GCC_WARN_64_TO_32_BIT_CONVERSION = YES;
				GCC_WARN_ABOUT_RETURN_TYPE = YES_ERROR;
				GCC_WARN_UNDECLARED_SELECTOR = YES;
				GCC_WARN_UNINITIALIZED_AUTOS = YES_AGGRESSIVE;
				GCC_WARN_UNUSED_FUNCTION = YES;
				GCC_WARN_UNUSED_VARIABLE = YES;
				MTL_ENABLE_DEBUG_INFO = NO;
				MTL_FAST_MATH = YES;
				PRODUCT_NAME = "$(TARGET_NAME)";
				SWIFT_COMPILATION_MODE = wholemodule;
				SWIFT_OPTIMIZATION_LEVEL = "-O";
				SWIFT_VERSION = 5.0;
			};
			name = Release;
		};
		8926617627B18BDFCE65BE49 /* Debug */ = {
			isa = XCBuildConfiguration;
			buildSettings = {
				ASSETCATALOG_COMPILER_APPICON_NAME = AppIcon;
				ASSETCATALOG_COMPILER_GLOBAL_ACCENT_COLOR_NAME = AccentColor;
				CLANG_ENABLE_OBJC_WEAK = NO;
				CODE_SIGN_STYLE = Automatic;
				CURRENT_PROJECT_VERSION = 1;
				DEVELOPMENT_TEAM = "";
				ENABLE_PREVIEWS = YES;
				GENERATE_INFOPLIST_FILE = YES;
				INFOPLIST_KEY_CFBundleDisplayName = Mariposas;
				INFOPLIST_KEY_NSCameraUsageDescription = "Para fotografiar mariposas y estadios de su ciclo de vida en el campo.";
				INFOPLIST_KEY_NSLocationWhenInUseUsageDescription = "Para anotar dónde viste una mariposa al registrar un avistamiento.";
				INFOPLIST_KEY_NSPhotoLibraryAddUsageDescription = "Para guardar en tu galería las fotos que tomes desde la app.";
				INFOPLIST_KEY_NSPhotoLibraryUsageDescription = "Para añadir fotos de tu galería a la ficha de una especie o a un avistamiento.";
				INFOPLIST_KEY_UILaunchScreen_Generation = YES;
				INFOPLIST_KEY_UISupportedInterfaceOrientations = UIInterfaceOrientationPortrait;
				INFOPLIST_KEY_UIUserInterfaceStyle = Automatic;
				IPHONEOS_DEPLOYMENT_TARGET = 17.0;
				LD_RUNPATH_SEARCH_PATHS = "$(inherited) @executable_path/Frameworks";
				MARKETING_VERSION = 1.0;
				PRODUCT_BUNDLE_IDENTIFIER = com.marcoh03.mariposasdecuba;
				PRODUCT_NAME = MariposasDeCuba;
				SDKROOT = iphoneos;
				SUPPORTED_PLATFORMS = "iphoneos iphonesimulator";
				SUPPORTS_MACCATALYST = NO;
				SWIFT_VERSION = 5.0;
				TARGETED_DEVICE_FAMILY = 1;
			};
			name = Debug;
		};
		DA80ED72DFC5311F9F72A351 /* Release */ = {
			isa = XCBuildConfiguration;
			buildSettings = {
				ASSETCATALOG_COMPILER_APPICON_NAME = AppIcon;
				ASSETCATALOG_COMPILER_GLOBAL_ACCENT_COLOR_NAME = AccentColor;
				CLANG_ENABLE_OBJC_WEAK = NO;
				CODE_SIGN_STYLE = Automatic;
				CURRENT_PROJECT_VERSION = 1;
				DEVELOPMENT_TEAM = "";
				ENABLE_PREVIEWS = YES;
				GENERATE_INFOPLIST_FILE = YES;
				INFOPLIST_KEY_CFBundleDisplayName = Mariposas;
				INFOPLIST_KEY_NSCameraUsageDescription = "Para fotografiar mariposas y estadios de su ciclo de vida en el campo.";
				INFOPLIST_KEY_NSLocationWhenInUseUsageDescription = "Para anotar dónde viste una mariposa al registrar un avistamiento.";
				INFOPLIST_KEY_NSPhotoLibraryAddUsageDescription = "Para guardar en tu galería las fotos que tomes desde la app.";
				INFOPLIST_KEY_NSPhotoLibraryUsageDescription = "Para añadir fotos de tu galería a la ficha de una especie o a un avistamiento.";
				INFOPLIST_KEY_UILaunchScreen_Generation = YES;
				INFOPLIST_KEY_UISupportedInterfaceOrientations = UIInterfaceOrientationPortrait;
				INFOPLIST_KEY_UIUserInterfaceStyle = Automatic;
				IPHONEOS_DEPLOYMENT_TARGET = 17.0;
				LD_RUNPATH_SEARCH_PATHS = "$(inherited) @executable_path/Frameworks";
				MARKETING_VERSION = 1.0;
				PRODUCT_BUNDLE_IDENTIFIER = com.marcoh03.mariposasdecuba;
				PRODUCT_NAME = MariposasDeCuba;
				SDKROOT = iphoneos;
				SUPPORTED_PLATFORMS = "iphoneos iphonesimulator";
				SUPPORTS_MACCATALYST = NO;
				SWIFT_VERSION = 5.0;
				TARGETED_DEVICE_FAMILY = 1;
				VALIDATE_PRODUCT = YES;
			};
			name = Release;
		};
/* End XCBuildConfiguration section */

/* Begin XCConfigurationList section */
		5984466351DB7A5129CC5A69 /* Build configuration list for PBXProject "MariposasDeCuba" */ = {
			isa = XCConfigurationList;
			buildConfigurations = (
				57CDC3C4DBD3D65C74BF0C48 /* Debug */,
				68031B44D4DA1E1338AEEFDB /* Release */,
			);
			defaultConfigurationIsVisible = 0;
			defaultConfigurationName = Release;
		};
		7FC31F91427695C363FBFDB8 /* Build configuration list for PBXNativeTarget "MariposasDeCuba" */ = {
			isa = XCConfigurationList;
			buildConfigurations = (
				DA80ED72DFC5311F9F72A351 /* Release */,
				8926617627B18BDFCE65BE49 /* Debug */,
			);
			defaultConfigurationIsVisible = 0;
			defaultConfigurationName = Release;
		};
/* End XCConfigurationList section */
	};
	rootObject = B594ACF6B7A11E96966769BE /* Project object */;
}
